
Microsoft Visual Studio Solution File, Format Version 12.00
# Visual Studio Version 16
VisualStudioVersion = 16.0.30717.126
MinimumVisualStudioVersion = 10.0.40219.1
Project("{FAE04EC0-301F-11D3-BF4B-00C04F79EFBC}") = "KataBabySitter_UI", "KataBabySitter_UI\KataBabySitter_UI.csproj", "{AADD0C4C-5668-4B3A-89C2-C177138CE7CC}"
EndProject
Global
	GlobalSection(SolutionConfigurationPlatforms) = preSolution
		Debug|Any CPU = Debug|Any CPU
		Release|Any CPU = Release|Any CPU
	EndGlobalSection
	GlobalSection(ProjectConfigurationPlatforms) = postSolution
		{AADD0C4C-5668-4B3A-89C2-C177138CE7CC}.Debug|Any CPU.ActiveCfg = Debug|Any CPU
		{AADD0C4C-5668-4B3A-89C2-C177138CE7CC}.Debug|Any CPU.Build.0 = Debug|Any CPU
		{AADD0C4C-5668-4B3A-89C2-C177138CE7CC}.Release|Any CPU.ActiveCfg = Release|Any CPU
		{AADD0C4C-5668-4B3A-89C2-C177138CE7CC}.Release|Any CPU.Build.0 = Release|Any CPU
	EndGlobalSection
	GlobalSection(SolutionProperties) = preSolution
		HideSolutionNode = FALSE
	EndGlobalSection
	GlobalSection(ExtensibilityGlobals) = postSolution
		SolutionGuid = {79F81B03-6886-41B0-8DA3-56FF8E876824}
	EndGlobalSection
EndGlobal
