
Microsoft Visual Studio Solution File, Format Version 12.00
# Visual Studio Version 16
VisualStudioVersion = 16.0.30717.126
MinimumVisualStudioVersion = 10.0.40219.1
Project("{9A19103F-16F7-4668-BE54-9A1E7A4F7556}") = "KataBabySitter_BOL", "KataBabySitter_BOL\KataBabySitter_BOL.csproj", "{92FBF10E-44F3-434E-AA18-6A4EB01C87E8}"
EndProject
Project("{9A19103F-16F7-4668-BE54-9A1E7A4F7556}") = "KataBabySitter_API", "KataBabySitter_API\KataBabySitter_API.csproj", "{D531993C-9C40-4FCC-8E7E-A83D8293705F}"
EndProject
Project("{9A19103F-16F7-4668-BE54-9A1E7A4F7556}") = "KataBabySitter_BLL", "KataBabySitter_BLL\KataBabySitter_BLL.csproj", "{78D1574A-7C36-4F54-8D6A-B7305EB04D13}"
EndProject
Project("{FAE04EC0-301F-11D3-BF4B-00C04F79EFBC}") = "KataBabySitter_Test", "KataBabySitter_Test\KataBabySitter_Test.csproj", "{ED3335BC-F549-48C3-8DCE-6386FF79CEB7}"
EndProject
Global
	GlobalSection(SolutionConfigurationPlatforms) = preSolution
		Debug|Any CPU = Debug|Any CPU
		Release|Any CPU = Release|Any CPU
	EndGlobalSection
	GlobalSection(ProjectConfigurationPlatforms) = postSolution
		{92FBF10E-44F3-434E-AA18-6A4EB01C87E8}.Debug|Any CPU.ActiveCfg = Debug|Any CPU
		{92FBF10E-44F3-434E-AA18-6A4EB01C87E8}.Debug|Any CPU.Build.0 = Debug|Any CPU
		{92FBF10E-44F3-434E-AA18-6A4EB01C87E8}.Release|Any CPU.ActiveCfg = Release|Any CPU
		{92FBF10E-44F3-434E-AA18-6A4EB01C87E8}.Release|Any CPU.Build.0 = Release|Any CPU
		{D531993C-9C40-4FCC-8E7E-A83D8293705F}.Debug|Any CPU.ActiveCfg = Debug|Any CPU
		{D531993C-9C40-4FCC-8E7E-A83D8293705F}.Debug|Any CPU.Build.0 = Debug|Any CPU
		{D531993C-9C40-4FCC-8E7E-A83D8293705F}.Release|Any CPU.ActiveCfg = Release|Any CPU
		{D531993C-9C40-4FCC-8E7E-A83D8293705F}.Release|Any CPU.Build.0 = Release|Any CPU
		{78D1574A-7C36-4F54-8D6A-B7305EB04D13}.Debug|Any CPU.ActiveCfg = Debug|Any CPU
		{78D1574A-7C36-4F54-8D6A-B7305EB04D13}.Debug|Any CPU.Build.0 = Debug|Any CPU
		{78D1574A-7C36-4F54-8D6A-B7305EB04D13}.Release|Any CPU.ActiveCfg = Release|Any CPU
		{78D1574A-7C36-4F54-8D6A-B7305EB04D13}.Release|Any CPU.Build.0 = Release|Any CPU
		{ED3335BC-F549-48C3-8DCE-6386FF79CEB7}.Debug|Any CPU.ActiveCfg = Debug|Any CPU
		{ED3335BC-F549-48C3-8DCE-6386FF79CEB7}.Debug|Any CPU.Build.0 = Debug|Any CPU
		{ED3335BC-F549-48C3-8DCE-6386FF79CEB7}.Release|Any CPU.ActiveCfg = Release|Any CPU
		{ED3335BC-F549-48C3-8DCE-6386FF79CEB7}.Release|Any CPU.Build.0 = Release|Any CPU
	EndGlobalSection
	GlobalSection(SolutionProperties) = preSolution
		HideSolutionNode = FALSE
	EndGlobalSection
	GlobalSection(ExtensibilityGlobals) = postSolution
		SolutionGuid = {22820306-6542-4F12-8478-004DE9FD9C30}
	EndGlobalSection
EndGlobal
